// !$*UTF8*$!
{
	archiveVersion = 1;
	classes = {
	};
	objectVersion = 56;
	objects = {

/* Begin PBXBuildFile section */
		76C67D392C4C064D00B75CE4 /* AppDelegate.swift in Sources */ = {isa = PBXBuildFile; fileRef = 76C67D382C4C064D00B75CE4 /* AppDelegate.swift */; };
		76C67D3B2C4C064D00B75CE4 /* SceneDelegate.swift in Sources */ = {isa = PBXBuildFile; fileRef = 76C67D3A2C4C064D00B75CE4 /* SceneDelegate.swift */; };
		76C67D3D2C4C064D00B75CE4 /* HomeViewController.swift in Sources */ = {isa = PBXBuildFile; fileRef = 76C67D3C2C4C064D00B75CE4 /* HomeViewController.swift */; };
		76C67D402C4C064D00B75CE4 /* Main.storyboard in Resources */ = {isa = PBXBuildFile; fileRef = 76C67D3E2C4C064D00B75CE4 /* Main.storyboard */; };
		76C67D422C4C064F00B75CE4 /* Assets.xcassets in Resources */ = {isa = PBXBuildFile; fileRef = 76C67D412C4C064F00B75CE4 /* Assets.xcassets */; };
		76C67D452C4C064F00B75CE4 /* LaunchScreen.storyboard in Resources */ = {isa = PBXBuildFile; fileRef = 76C67D432C4C064F00B75CE4 /* LaunchScreen.storyboard */; };
		76C67D502C4C064F00B75CE4 /* PinterestLayoutTests.swift in Sources */ = {isa = PBXBuildFile; fileRef = 76C67D4F2C4C064F00B75CE4 /* PinterestLayoutTests.swift */; };
		76C67D5A2C4C064F00B75CE4 /* PinterestLayoutUITests.swift in Sources */ = {isa = PBXBuildFile; fileRef = 76C67D592C4C064F00B75CE4 /* PinterestLayoutUITests.swift */; };
		76C67D5C2C4C064F00B75CE4 /* PinterestLayoutUITestsLaunchTests.swift in Sources */ = {isa = PBXBuildFile; fileRef = 76C67D5B2C4C064F00B75CE4 /* PinterestLayoutUITestsLaunchTests.swift */; };
		76C67D6B2C4C409C00B75CE4 /* CardCollectionViewCell.swift in Sources */ = {isa = PBXBuildFile; fileRef = 76C67D6A2C4C409C00B75CE4 /* CardCollectionViewCell.swift */; };
		76C67D6E2C4C414D00B75CE4 /* PinterestCollectionViewLayout.swift in Sources */ = {isa = PBXBuildFile; fileRef = 76C67D6D2C4C414D00B75CE4 /* PinterestCollectionViewLayout.swift */; };
/* End PBXBuildFile section */

/* Begin PBXContainerItemProxy section */
		76C67D4C2C4C064F00B75CE4 /* PBXContainerItemProxy */ = {
			isa = PBXContainerItemProxy;
			containerPortal = 76C67D2D2C4C064D00B75CE4 /* Project object */;
			proxyType = 1;
			remoteGlobalIDString = 76C67D342C4C064D00B75CE4;
			remoteInfo = PinterestLayout;
		};
		76C67D562C4C064F00B75CE4 /* PBXContainerItemProxy */ = {
			isa = PBXContainerItemProxy;
			containerPortal = 76C67D2D2C4C064D00B75CE4 /* Project object */;
			proxyType = 1;
			remoteGlobalIDString = 76C67D342C4C064D00B75CE4;
			remoteInfo = PinterestLayout;
		};
/* End PBXContainerItemProxy section */

/* Begin PBXFileReference section */
		76C67D352C4C064D00B75CE4 /* PinterestLayout.app */ = {isa = PBXFileReference; explicitFileType = wrapper.application; includeInIndex = 0; path = PinterestLayout.app; sourceTree = BUILT_PRODUCTS_DIR; };
		76C67D382C4C064D00B75CE4 /* AppDelegate.swift */ = {isa = PBXFileReference; lastKnownFileType = sourcecode.swift; path = AppDelegate.swift; sourceTree = "<group>"; };
		76C67D3A2C4C064D00B75CE4 /* SceneDelegate.swift */ = {isa = PBXFileReference; lastKnownFileType = sourcecode.swift; path = SceneDelegate.swift; sourceTree = "<group>"; };
		76C67D3C2C4C064D00B75CE4 /* HomeViewController.swift */ = {isa = PBXFileReference; lastKnownFileType = sourcecode.swift; path = HomeViewController.swift; sourceTree = "<group>"; };
		76C67D3F2C4C064D00B75CE4 /* Base */ = {isa = PBXFileReference; lastKnownFileType = file.storyboard; name = Base; path = Base.lproj/Main.storyboard; sourceTree = "<group>"; };
		76C67D412C4C064F00B75CE4 /* Assets.xcassets */ = {isa = PBXFileReference; lastKnownFileType = folder.assetcatalog; path = Assets.xcassets; sourceTree = "<group>"; };
		76C67D442C4C064F00B75CE4 /* Base */ = {isa = PBXFileReference; lastKnownFileType = file.storyboard; name = Base; path = Base.lproj/LaunchScreen.storyboard; sourceTree = "<group>"; };
		76C67D462C4C064F00B75CE4 /* Info.plist */ = {isa = PBXFileReference; lastKnownFileType = text.plist.xml; path = Info.plist; sourceTree = "<group>"; };
		76C67D4B2C4C064F00B75CE4 /* PinterestLayoutTests.xctest */ = {isa = PBXFileReference; explicitFileType = wrapper.cfbundle; includeInIndex = 0; path = PinterestLayoutTests.xctest; sourceTree = BUILT_PRODUCTS_DIR; };
		76C67D4F2C4C064F00B75CE4 /* PinterestLayoutTests.swift */ = {isa = PBXFileReference; lastKnownFileType = sourcecode.swift; path = PinterestLayoutTests.swift; sourceTree = "<group>"; };
		76C67D552C4C064F00B75CE4 /* PinterestLayoutUITests.xctest */ = {isa = PBXFileReference; explicitFileType = wrapper.cfbundle; includeInIndex = 0; path = PinterestLayoutUITests.xctest; sourceTree = BUILT_PRODUCTS_DIR; };
		76C67D592C4C064F00B75CE4 /* PinterestLayoutUITests.swift */ = {isa = PBXFileReference; lastKnownFileType = sourcecode.swift; path = PinterestLayoutUITests.swift; sourceTree = "<group>"; };
		76C67D5B2C4C064F00B75CE4 /* PinterestLayoutUITestsLaunchTests.swift */ = {isa = PBXFileReference; lastKnownFileType = sourcecode.swift; path = PinterestLayoutUITestsLaunchTests.swift; sourceTree = "<group>"; };
		76C67D6A2C4C409C00B75CE4 /* CardCollectionViewCell.swift */ = {isa = PBXFileReference; lastKnownFileType = sourcecode.swift; path = CardCollectionViewCell.swift; sourceTree = "<group>"; };
		76C67D6D2C4C414D00B75CE4 /* PinterestCollectionViewLayout.swift */ = {isa = PBXFileReference; lastKnownFileType = sourcecode.swift; path = PinterestCollectionViewLayout.swift; sourceTree = "<group>"; };
/* End PBXFileReference section */

/* Begin PBXFrameworksBuildPhase section */
		76C67D322C4C064D00B75CE4 /* Frameworks */ = {
			isa = PBXFrameworksBuildPhase;
			buildActionMask = 2147483647;
			files = (
			);
			runOnlyForDeploymentPostprocessing = 0;
		};
		76C67D482C4C064F00B75CE4 /* Frameworks */ = {
			isa = PBXFrameworksBuildPhase;
			buildActionMask = 2147483647;
			files = (
			);
			runOnlyForDeploymentPostprocessing = 0;
		};
		76C67D522C4C064F00B75CE4 /* Frameworks */ = {
			isa = PBXFrameworksBuildPhase;
			buildActionMask = 2147483647;
			files = (
			);
			runOnlyForDeploymentPostprocessing = 0;
		};
/* End PBXFrameworksBuildPhase section */

/* Begin PBXGroup section */
		76C67D2C2C4C064D00B75CE4 = {
			isa = PBXGroup;
			children = (
				76C67D372C4C064D00B75CE4 /* PinterestLayout */,
				76C67D4E2C4C064F00B75CE4 /* PinterestLayoutTests */,
				76C67D582C4C064F00B75CE4 /* PinterestLayoutUITests */,
				76C67D362C4C064D00B75CE4 /* Products */,
			);
			sourceTree = "<group>";
		};
		76C67D362C4C064D00B75CE4 /* Products */ = {
			isa = PBXGroup;
			children = (
				76C67D352C4C064D00B75CE4 /* PinterestLayout.app */,
				76C67D4B2C4C064F00B75CE4 /* PinterestLayoutTests.xctest */,
				76C67D552C4C064F00B75CE4 /* PinterestLayoutUITests.xctest */,
			);
			name = Products;
			sourceTree = "<group>";
		};
		76C67D372C4C064D00B75CE4 /* PinterestLayout */ = {
			isa = PBXGroup;
			children = (
				76C67D6C2C4C413E00B75CE4 /* Layouts */,
				76C67D692C4C405B00B75CE4 /* Cells */,
				76C67D682C4C402600B75CE4 /* View Controllers */,
				76C67D382C4C064D00B75CE4 /* AppDelegate.swift */,
				76C67D3A2C4C064D00B75CE4 /* SceneDelegate.swift */,
				76C67D3E2C4C064D00B75CE4 /* Main.storyboard */,
				76C67D412C4C064F00B75CE4 /* Assets.xcassets */,
				76C67D432C4C064F00B75CE4 /* LaunchScreen.storyboard */,
				76C67D462C4C064F00B75CE4 /* Info.plist */,
			);
			path = PinterestLayout;
			sourceTree = "<group>";
		};
		76C67D4E2C4C064F00B75CE4 /* PinterestLayoutTests */ = {
			isa = PBXGroup;
			children = (
				76C67D4F2C4C064F00B75CE4 /* PinterestLayoutTests.swift */,
			);
			path = PinterestLayoutTests;
			sourceTree = "<group>";
		};
		76C67D582C4C064F00B75CE4 /* PinterestLayoutUITests */ = {
			isa = PBXGroup;
			children = (
				76C67D592C4C064F00B75CE4 /* PinterestLayoutUITests.swift */,
				76C67D5B2C4C064F00B75CE4 /* PinterestLayoutUITestsLaunchTests.swift */,
			);
			path = PinterestLayoutUITests;
			sourceTree = "<group>";
		};
		76C67D682C4C402600B75CE4 /* View Controllers */ = {
			isa = PBXGroup;
			children = (
				76C67D3C2C4C064D00B75CE4 /* HomeViewController.swift */,
			);
			path = "View Controllers";
			sourceTree = "<group>";
		};
		76C67D692C4C405B00B75CE4 /* Cells */ = {
			isa = PBXGroup;
			children = (
				76C67D6A2C4C409C00B75CE4 /* CardCollectionViewCell.swift */,
			);
			path = Cells;
			sourceTree = "<group>";
		};
		76C67D6C2C4C413E00B75CE4 /* Layouts */ = {
			isa = PBXGroup;
			children = (
				76C67D6D2C4C414D00B75CE4 /* PinterestCollectionViewLayout.swift */,
			);
			path = Layouts;
			sourceTree = "<group>";
		};
/* End PBXGroup section */

/* Begin PBXNativeTarget section */
		76C67D342C4C064D00B75CE4 /* PinterestLayout */ = {
			isa = PBXNativeTarget;
			buildConfigurationList = 76C67D5F2C4C064F00B75CE4 /* Build configuration list for PBXNativeTarget "PinterestLayout" */;
			buildPhases = (
				76C67D312C4C064D00B75CE4 /* Sources */,
				76C67D322C4C064D00B75CE4 /* Frameworks */,
				76C67D332C4C064D00B75CE4 /* Resources */,
			);
			buildRules = (
			);
			dependencies = (
			);
			name = PinterestLayout;
			productName = PinterestLayout;
			productReference = 76C67D352C4C064D00B75CE4 /* PinterestLayout.app */;
			productType = "com.apple.product-type.application";
		};
		76C67D4A2C4C064F00B75CE4 /* PinterestLayoutTests */ = {
			isa = PBXNativeTarget;
			buildConfigurationList = 76C67D622C4C064F00B75CE4 /* Build configuration list for PBXNativeTarget "PinterestLayoutTests" */;
			buildPhases = (
				76C67D472C4C064F00B75CE4 /* Sources */,
				76C67D482C4C064F00B75CE4 /* Frameworks */,
				76C67D492C4C064F00B75CE4 /* Resources */,
			);
			buildRules = (
			);
			dependencies = (
				76C67D4D2C4C064F00B75CE4 /* PBXTargetDependency */,
			);
			name = PinterestLayoutTests;
			productName = PinterestLayoutTests;
			productReference = 76C67D4B2C4C064F00B75CE4 /* PinterestLayoutTests.xctest */;
			productType = "com.apple.product-type.bundle.unit-test";
		};
		76C67D542C4C064F00B75CE4 /* PinterestLayoutUITests */ = {
			isa = PBXNativeTarget;
			buildConfigurationList = 76C67D652C4C064F00B75CE4 /* Build configuration list for PBXNativeTarget "PinterestLayoutUITests" */;
			buildPhases = (
				76C67D512C4C064F00B75CE4 /* Sources */,
				76C67D522C4C064F00B75CE4 /* Frameworks */,
				76C67D532C4C064F00B75CE4 /* Resources */,
			);
			buildRules = (
			);
			dependencies = (
				76C67D572C4C064F00B75CE4 /* PBXTargetDependency */,
			);
			name = PinterestLayoutUITests;
			productName = PinterestLayoutUITests;
			productReference = 76C67D552C4C064F00B75CE4 /* PinterestLayoutUITests.xctest */;
			productType = "com.apple.product-type.bundle.ui-testing";
		};
/* End PBXNativeTarget section */

/* Begin PBXProject section */
		76C67D2D2C4C064D00B75CE4 /* Project object */ = {
			isa = PBXProject;
			attributes = {
				BuildIndependentTargetsInParallel = 1;
				LastSwiftUpdateCheck = 1500;
				LastUpgradeCheck = 1500;
				TargetAttributes = {
					76C67D342C4C064D00B75CE4 = {
						CreatedOnToolsVersion = 15.0;
					};
					76C67D4A2C4C064F00B75CE4 = {
						CreatedOnToolsVersion = 15.0;
						TestTargetID = 76C67D342C4C064D00B75CE4;
					};
					76C67D542C4C064F00B75CE4 = {
						CreatedOnToolsVersion = 15.0;
						TestTargetID = 76C67D342C4C064D00B75CE4;
					};
				};
			};
			buildConfigurationList = 76C67D302C4C064D00B75CE4 /* Build configuration list for PBXProject "PinterestLayout" */;
			compatibilityVersion = "Xcode 14.0";
			developmentRegion = en;
			hasScannedForEncodings = 0;
			knownRegions = (
				en,
				Base,
			);
			mainGroup = 76C67D2C2C4C064D00B75CE4;
			productRefGroup = 76C67D362C4C064D00B75CE4 /* Products */;
			projectDirPath = "";
			projectRoot = "";
			targets = (
				76C67D342C4C064D00B75CE4 /* PinterestLayout */,
				76C67D4A2C4C064F00B75CE4 /* PinterestLayoutTests */,
				76C67D542C4C064F00B75CE4 /* PinterestLayoutUITests */,
			);
		};
/* End PBXProject section */

/* Begin PBXResourcesBuildPhase section */
		76C67D332C4C064D00B75CE4 /* Resources */ = {
			isa = PBXResourcesBuildPhase;
			buildActionMask = 2147483647;
			files = (
				76C67D452C4C064F00B75CE4 /* LaunchScreen.storyboard in Resources */,
				76C67D422C4C064F00B75CE4 /* Assets.xcassets in Resources */,
				76C67D402C4C064D00B75CE4 /* Main.storyboard in Resources */,
			);
			runOnlyForDeploymentPostprocessing = 0;
		};
		76C67D492C4C064F00B75CE4 /* Resources */ = {
			isa = PBXResourcesBuildPhase;
			buildActionMask = 2147483647;
			files = (
			);
			runOnlyForDeploymentPostprocessing = 0;
		};
		76C67D532C4C064F00B75CE4 /* Resources */ = {
			isa = PBXResourcesBuildPhase;
			buildActionMask = 2147483647;
			files = (
			);
			runOnlyForDeploymentPostprocessing = 0;
		};
/* End PBXResourcesBuildPhase section */

/* Begin PBXSourcesBuildPhase section */
		76C67D312C4C064D00B75CE4 /* Sources */ = {
			isa = PBXSourcesBuildPhase;
			buildActionMask = 2147483647;
			files = (
				76C67D6E2C4C414D00B75CE4 /* PinterestCollectionViewLayout.swift in Sources */,
				76C67D6B2C4C409C00B75CE4 /* CardCollectionViewCell.swift in Sources */,
				76C67D3D2C4C064D00B75CE4 /* HomeViewController.swift in Sources */,
				76C67D392C4C064D00B75CE4 /* AppDelegate.swift in Sources */,
				76C67D3B2C4C064D00B75CE4 /* SceneDelegate.swift in Sources */,
			);
			runOnlyForDeploymentPostprocessing = 0;
		};
		76C67D472C4C064F00B75CE4 /* Sources */ = {
			isa = PBXSourcesBuildPhase;
			buildActionMask = 2147483647;
			files = (
				76C67D502C4C064F00B75CE4 /* PinterestLayoutTests.swift in Sources */,
			);
			runOnlyForDeploymentPostprocessing = 0;
		};
		76C67D512C4C064F00B75CE4 /* Sources */ = {
			isa = PBXSourcesBuildPhase;
			buildActionMask = 2147483647;
			files = (
				76C67D5A2C4C064F00B75CE4 /* PinterestLayoutUITests.swift in Sources */,
				76C67D5C2C4C064F00B75CE4 /* PinterestLayoutUITestsLaunchTests.swift in Sources */,
			);
			runOnlyForDeploymentPostprocessing = 0;
		};
/* End PBXSourcesBuildPhase section */

/* Begin PBXTargetDependency section */
		76C67D4D2C4C064F00B75CE4 /* PBXTargetDependency */ = {
			isa = PBXTargetDependency;
			target = 76C67D342C4C064D00B75CE4 /* PinterestLayout */;
			targetProxy = 76C67D4C2C4C064F00B75CE4 /* PBXContainerItemProxy */;
		};
		76C67D572C4C064F00B75CE4 /* PBXTargetDependency */ = {
			isa = PBXTargetDependency;
			target = 76C67D342C4C064D00B75CE4 /* PinterestLayout */;
			targetProxy = 76C67D562C4C064F00B75CE4 /* PBXContainerItemProxy */;
		};
/* End PBXTargetDependency section */

/* Begin PBXVariantGroup section */
		76C67D3E2C4C064D00B75CE4 /* Main.storyboard */ = {
			isa = PBXVariantGroup;
			children = (
				76C67D3F2C4C064D00B75CE4 /* Base */,
			);
			name = Main.storyboard;
			sourceTree = "<group>";
		};
		76C67D432C4C064F00B75CE4 /* LaunchScreen.storyboard */ = {
			isa = PBXVariantGroup;
			children = (
				76C67D442C4C064F00B75CE4 /* Base */,
			);
			name = LaunchScreen.storyboard;
			sourceTree = "<group>";
		};
/* End PBXVariantGroup section */

/* Begin XCBuildConfiguration section */
		76C67D5D2C4C064F00B75CE4 /* Debug */ = {
			isa = XCBuildConfiguration;
			buildSettings = {
				ALWAYS_SEARCH_USER_PATHS = NO;
				ASSETCATALOG_COMPILER_GENERATE_SWIFT_ASSET_SYMBOL_EXTENSIONS = YES;
				CLANG_ANALYZER_NONNULL = YES;
				CLANG_ANALYZER_NUMBER_OBJECT_CONVERSION = YES_AGGRESSIVE;
				CLANG_CXX_LANGUAGE_STANDARD = "gnu++20";
				CLANG_ENABLE_MODULES = YES;
				CLANG_ENABLE_OBJC_ARC = YES;
				CLANG_ENABLE_OBJC_WEAK = YES;
				CLANG_WARN_BLOCK_CAPTURE_AUTORELEASING = YES;
				CLANG_WARN_BOOL_CONVERSION = YES;
				CLANG_WARN_COMMA = YES;
				CLANG_WARN_CONSTANT_CONVERSION = YES;
				CLANG_WARN_DEPRECATED_OBJC_IMPLEMENTATIONS = YES;
				CLANG_WARN_DIRECT_OBJC_ISA_USAGE = YES_ERROR;
				CLANG_WARN_DOCUMENTATION_COMMENTS = YES;
				CLANG_WARN_EMPTY_BODY = YES;
				CLANG_WARN_ENUM_CONVERSION = YES;
				CLANG_WARN_INFINITE_RECURSION = YES;
				CLANG_WARN_INT_CONVERSION = YES;
				CLANG_WARN_NON_LITERAL_NULL_CONVERSION = YES;
				CLANG_WARN_OBJC_IMPLICIT_RETAIN_SELF = YES;
				CLANG_WARN_OBJC_LITERAL_CONVERSION = YES;
				CLANG_WARN_OBJC_ROOT_CLASS = YES_ERROR;
				CLANG_WARN_QUOTED_INCLUDE_IN_FRAMEWORK_HEADER = YES;
				CLANG_WARN_RANGE_LOOP_ANALYSIS = YES;
				CLANG_WARN_STRICT_PROTOTYPES = YES;
				CLANG_WARN_SUSPICIOUS_MOVE = YES;
				CLANG_WARN_UNGUARDED_AVAILABILITY = YES_AGGRESSIVE;
				CLANG_WARN_UNREACHABLE_CODE = YES;
				CLANG_WARN__DUPLICATE_METHOD_MATCH = YES;
				COPY_PHASE_STRIP = NO;
				DEBUG_INFORMATION_FORMAT = dwarf;
				ENABLE_STRICT_OBJC_MSGSEND = YES;
				ENABLE_TESTABILITY = YES;
				ENABLE_USER_SCRIPT_SANDBOXING = YES;
				GCC_C_LANGUAGE_STANDARD = gnu17;
				GCC_DYNAMIC_NO_PIC = NO;
				GCC_NO_COMMON_BLOCKS = YES;
				GCC_OPTIMIZATION_LEVEL = 0;
				GCC_PREPROCESSOR_DEFINITIONS = (
					"DEBUG=1",
					"$(inherited)",
				);
				GCC_WARN_64_TO_32_BIT_CONVERSION = YES;
				GCC_WARN_ABOUT_RETURN_TYPE = YES_ERROR;
				GCC_WARN_UNDECLARED_SELECTOR = YES;
				GCC_WARN_UNINITIALIZED_AUTOS = YES_AGGRESSIVE;
				GCC_WARN_UNUSED_FUNCTION = YES;
				GCC_WARN_UNUSED_VARIABLE = YES;
				IPHONEOS_DEPLOYMENT_TARGET = 17.0;
				LOCALIZATION_PREFERS_STRING_CATALOGS = YES;
				MTL_ENABLE_DEBUG_INFO = INCLUDE_SOURCE;
				MTL_FAST_MATH = YES;
				ONLY_ACTIVE_ARCH = YES;
				SDKROOT = iphoneos;
				SWIFT_ACTIVE_COMPILATION_CONDITIONS = "DEBUG $(inherited)";
				SWIFT_OPTIMIZATION_LEVEL = "-Onone";
			};
			name = Debug;
		};
		76C67D5E2C4C064F00B75CE4 /* Release */ = {
			isa = XCBuildConfiguration;
			buildSettings = {
				ALWAYS_SEARCH_USER_PATHS = NO;
				ASSETCATALOG_COMPILER_GENERATE_SWIFT_ASSET_SYMBOL_EXTENSIONS = YES;
				CLANG_ANALYZER_NONNULL = YES;
				CLANG_ANALYZER_NUMBER_OBJECT_CONVERSION = YES_AGGRESSIVE;
				CLANG_CXX_LANGUAGE_STANDARD = "gnu++20";
				CLANG_ENABLE_MODULES = YES;
				CLANG_ENABLE_OBJC_ARC = YES;
				CLANG_ENABLE_OBJC_WEAK = YES;
				CLANG_WARN_BLOCK_CAPTURE_AUTORELEASING = YES;
				CLANG_WARN_BOOL_CONVERSION = YES;
				CLANG_WARN_COMMA = YES;
				CLANG_WARN_CONSTANT_CONVERSION = YES;
				CLANG_WARN_DEPRECATED_OBJC_IMPLEMENTATIONS = YES;
				CLANG_WARN_DIRECT_OBJC_ISA_USAGE = YES_ERROR;
				CLANG_WARN_DOCUMENTATION_COMMENTS = YES;
				CLANG_WARN_EMPTY_BODY = YES;
				CLANG_WARN_ENUM_CONVERSION = YES;
				CLANG_WARN_INFINITE_RECURSION = YES;
				CLANG_WARN_INT_CONVERSION = YES;
				CLANG_WARN_NON_LITERAL_NULL_CONVERSION = YES;
				CLANG_WARN_OBJC_IMPLICIT_RETAIN_SELF = YES;
				CLANG_WARN_OBJC_LITERAL_CONVERSION = YES;
				CLANG_WARN_OBJC_ROOT_CLASS = YES_ERROR;
				CLANG_WARN_QUOTED_INCLUDE_IN_FRAMEWORK_HEADER = YES;
				CLANG_WARN_RANGE_LOOP_ANALYSIS = YES;
				CLANG_WARN_STRICT_PROTOTYPES = YES;
				CLANG_WARN_SUSPICIOUS_MOVE = YES;
				CLANG_WARN_UNGUARDED_AVAILABILITY = YES_AGGRESSIVE;
				CLANG_WARN_UNREACHABLE_CODE = YES;
				CLANG_WARN__DUPLICATE_METHOD_MATCH = YES;
				COPY_PHASE_STRIP = NO;
				DEBUG_INFORMATION_FORMAT = "dwarf-with-dsym";
				ENABLE_NS_ASSERTIONS = NO;
				ENABLE_STRICT_OBJC_MSGSEND = YES;
				ENABLE_USER_SCRIPT_SANDBOXING = YES;
				GCC_C_LANGUAGE_STANDARD = gnu17;
				GCC_NO_COMMON_BLOCKS = YES;
				GCC_WARN_64_TO_32_BIT_CONVERSION = YES;
				GCC_WARN_ABOUT_RETURN_TYPE = YES_ERROR;
				GCC_WARN_UNDECLARED_SELECTOR = YES;
				GCC_WARN_UNINITIALIZED_AUTOS = YES_AGGRESSIVE;
				GCC_WARN_UNUSED_FUNCTION = YES;
				GCC_WARN_UNUSED_VARIABLE = YES;
				IPHONEOS_DEPLOYMENT_TARGET = 17.0;
				LOCALIZATION_PREFERS_STRING_CATALOGS = YES;
				MTL_ENABLE_DEBUG_INFO = NO;
				MTL_FAST_MATH = YES;
				SDKROOT = iphoneos;
				SWIFT_COMPILATION_MODE = wholemodule;
				VALIDATE_PRODUCT = YES;
			};
			name = Release;
		};
		76C67D602C4C064F00B75CE4 /* Debug */ = {
			isa = XCBuildConfiguration;
			buildSettings = {
				ASSETCATALOG_COMPILER_APPICON_NAME = AppIcon;
				ASSETCATALOG_COMPILER_GLOBAL_ACCENT_COLOR_NAME = AccentColor;
				CODE_SIGN_STYLE = Automatic;
				CURRENT_PROJECT_VERSION = 1;
				DEVELOPMENT_TEAM = R4WEEFNVWZ;
				GENERATE_INFOPLIST_FILE = YES;
				INFOPLIST_FILE = PinterestLayout/Info.plist;
				INFOPLIST_KEY_UIApplicationSupportsIndirectInputEvents = YES;
				INFOPLIST_KEY_UILaunchStoryboardName = LaunchScreen;
				INFOPLIST_KEY_UIMainStoryboardFile = Main;
				INFOPLIST_KEY_UISupportedInterfaceOrientations_iPad = "UIInterfaceOrientationPortrait UIInterfaceOrientationPortraitUpsideDown UIInterfaceOrientationLandscapeLeft UIInterfaceOrientationLandscapeRight";
				INFOPLIST_KEY_UISupportedInterfaceOrientations_iPhone = "UIInterfaceOrientationPortrait UIInterfaceOrientationLandscapeLeft UIInterfaceOrientationLandscapeRight";
				LD_RUNPATH_SEARCH_PATHS = (
					"$(inherited)",
					"@executable_path/Frameworks",
				);
				MARKETING_VERSION = 1.0;
				PRODUCT_BUNDLE_IDENTIFIER = com.PinterestLayout;
				PRODUCT_NAME = "$(TARGET_NAME)";
				SWIFT_EMIT_LOC_STRINGS = YES;
				SWIFT_VERSION = 5.0;
				TARGETED_DEVICE_FAMILY = "1,2";
			};
			name = Debug;
		};
		76C67D612C4C064F00B75CE4 /* Release */ = {
			isa = XCBuildConfiguration;
			buildSettings = {
				ASSETCATALOG_COMPILER_APPICON_NAME = AppIcon;
				ASSETCATALOG_COMPILER_GLOBAL_ACCENT_COLOR_NAME = AccentColor;
				CODE_SIGN_STYLE = Automatic;
				CURRENT_PROJECT_VERSION = 1;
				DEVELOPMENT_TEAM = R4WEEFNVWZ;
				GENERATE_INFOPLIST_FILE = YES;
				INFOPLIST_FILE = PinterestLayout/Info.plist;
				INFOPLIST_KEY_UIApplicationSupportsIndirectInputEvents = YES;
				INFOPLIST_KEY_UILaunchStoryboardName = LaunchScreen;
				INFOPLIST_KEY_UIMainStoryboardFile = Main;
				INFOPLIST_KEY_UISupportedInterfaceOrientations_iPad = "UIInterfaceOrientationPortrait UIInterfaceOrientationPortraitUpsideDown UIInterfaceOrientationLandscapeLeft UIInterfaceOrientationLandscapeRight";
				INFOPLIST_KEY_UISupportedInterfaceOrientations_iPhone = "UIInterfaceOrientationPortrait UIInterfaceOrientationLandscapeLeft UIInterfaceOrientationLandscapeRight";
				LD_RUNPATH_SEARCH_PATHS = (
					"$(inherited)",
					"@executable_path/Frameworks",
				);
				MARKETING_VERSION = 1.0;
				PRODUCT_BUNDLE_IDENTIFIER = com.PinterestLayout;
				PRODUCT_NAME = "$(TARGET_NAME)";
				SWIFT_EMIT_LOC_STRINGS = YES;
				SWIFT_VERSION = 5.0;
				TARGETED_DEVICE_FAMILY = "1,2";
			};
			name = Release;
		};
		76C67D632C4C064F00B75CE4 /* Debug */ = {
			isa = XCBuildConfiguration;
			buildSettings = {
				ALWAYS_EMBED_SWIFT_STANDARD_LIBRARIES = YES;
				BUNDLE_LOADER = "$(TEST_HOST)";
				CODE_SIGN_STYLE = Automatic;
				CURRENT_PROJECT_VERSION = 1;
				DEVELOPMENT_TEAM = R4WEEFNVWZ;
				GENERATE_INFOPLIST_FILE = YES;
				IPHONEOS_DEPLOYMENT_TARGET = 17.0;
				MARKETING_VERSION = 1.0;
				PRODUCT_BUNDLE_IDENTIFIER = com.PinterestLayoutTests;
				PRODUCT_NAME = "$(TARGET_NAME)";
				SWIFT_EMIT_LOC_STRINGS = NO;
				SWIFT_VERSION = 5.0;
				TARGETED_DEVICE_FAMILY = "1,2";
				TEST_HOST = "$(BUILT_PRODUCTS_DIR)/PinterestLayout.app/$(BUNDLE_EXECUTABLE_FOLDER_PATH)/PinterestLayout";
			};
			name = Debug;
		};
		76C67D642C4C064F00B75CE4 /* Release */ = {
			isa = XCBuildConfiguration;
			buildSettings = {
				ALWAYS_EMBED_SWIFT_STANDARD_LIBRARIES = YES;
				BUNDLE_LOADER = "$(TEST_HOST)";
				CODE_SIGN_STYLE = Automatic;
				CURRENT_PROJECT_VERSION = 1;
				DEVELOPMENT_TEAM = R4WEEFNVWZ;
				GENERATE_INFOPLIST_FILE = YES;
				IPHONEOS_DEPLOYMENT_TARGET = 17.0;
				MARKETING_VERSION = 1.0;
				PRODUCT_BUNDLE_IDENTIFIER = com.PinterestLayoutTests;
				PRODUCT_NAME = "$(TARGET_NAME)";
				SWIFT_EMIT_LOC_STRINGS = NO;
				SWIFT_VERSION = 5.0;
				TARGETED_DEVICE_FAMILY = "1,2";
				TEST_HOST = "$(BUILT_PRODUCTS_DIR)/PinterestLayout.app/$(BUNDLE_EXECUTABLE_FOLDER_PATH)/PinterestLayout";
			};
			name = Release;
		};
		76C67D662C4C064F00B75CE4 /* Debug */ = {
			isa = XCBuildConfiguration;
			buildSettings = {
				ALWAYS_EMBED_SWIFT_STANDARD_LIBRARIES = YES;
				CODE_SIGN_STYLE = Automatic;
				CURRENT_PROJECT_VERSION = 1;
				DEVELOPMENT_TEAM = R4WEEFNVWZ;
				GENERATE_INFOPLIST_FILE = YES;
				MARKETING_VERSION = 1.0;
				PRODUCT_BUNDLE_IDENTIFIER = com.PinterestLayoutUITests;
				PRODUCT_NAME = "$(TARGET_NAME)";
				SWIFT_EMIT_LOC_STRINGS = NO;
				SWIFT_VERSION = 5.0;
				TARGETED_DEVICE_FAMILY = "1,2";
				TEST_TARGET_NAME = PinterestLayout;
			};
			name = Debug;
		};
		76C67D672C4C064F00B75CE4 /* Release */ = {
			isa = XCBuildConfiguration;
			buildSettings = {
				ALWAYS_EMBED_SWIFT_STANDARD_LIBRARIES = YES;
				CODE_SIGN_STYLE = Automatic;
				CURRENT_PROJECT_VERSION = 1;
				DEVELOPMENT_TEAM = R4WEEFNVWZ;
				GENERATE_INFOPLIST_FILE = YES;
				MARKETING_VERSION = 1.0;
				PRODUCT_BUNDLE_IDENTIFIER = com.PinterestLayoutUITests;
				PRODUCT_NAME = "$(TARGET_NAME)";
				SWIFT_EMIT_LOC_STRINGS = NO;
				SWIFT_VERSION = 5.0;
				TARGETED_DEVICE_FAMILY = "1,2";
				TEST_TARGET_NAME = PinterestLayout;
			};
			name = Release;
		};
/* End XCBuildConfiguration section */

/* Begin XCConfigurationList section */
		76C67D302C4C064D00B75CE4 /* Build configuration list for PBXProject "PinterestLayout" */ = {
			isa = XCConfigurationList;
			buildConfigurations = (
				76C67D5D2C4C064F00B75CE4 /* Debug */,
				76C67D5E2C4C064F00B75CE4 /* Release */,
			);
			defaultConfigurationIsVisible = 0;
			defaultConfigurationName = Release;
		};
		76C67D5F2C4C064F00B75CE4 /* Build configuration list for PBXNativeTarget "PinterestLayout" */ = {
			isa = XCConfigurationList;
			buildConfigurations = (
				76C67D602C4C064F00B75CE4 /* Debug */,
				76C67D612C4C064F00B75CE4 /* Release */,
			);
			defaultConfigurationIsVisible = 0;
			defaultConfigurationName = Release;
		};
		76C67D622C4C064F00B75CE4 /* Build configuration list for PBXNativeTarget "PinterestLayoutTests" */ = {
			isa = XCConfigurationList;
			buildConfigurations = (
				76C67D632C4C064F00B75CE4 /* Debug */,
				76C67D642C4C064F00B75CE4 /* Release */,
			);
			defaultConfigurationIsVisible = 0;
			defaultConfigurationName = Release;
		};
		76C67D652C4C064F00B75CE4 /* Build configuration list for PBXNativeTarget "PinterestLayoutUITests" */ = {
			isa = XCConfigurationList;
			buildConfigurations = (
				76C67D662C4C064F00B75CE4 /* Debug */,
				76C67D672C4C064F00B75CE4 /* Release */,
			);
			defaultConfigurationIsVisible = 0;
			defaultConfigurationName = Release;
		};
/* End XCConfigurationList section */
	};
	rootObject = 76C67D2D2C4C064D00B75CE4 /* Project object */;
}
